
Microsoft Visual Studio Solution File, Format Version 12.00
# Visual Studio Version 17
VisualStudioVersion = 17.8.34511.84
MinimumVisualStudioVersion = 10.0.40219.1
Project("{FAE04EC0-301F-11D3-BF4B-00C04F79EFBC}") = "U5-W1-D3", "U5-W1-D3\U5-W1-D3.csproj", "{500EA9E3-5AAA-4257-A965-E491054DC923}"
EndProject
Global
	GlobalSection(SolutionConfigurationPlatforms) = preSolution
		Debug|Any CPU = Debug|Any CPU
		Release|Any CPU = Release|Any CPU
	EndGlobalSection
	GlobalSection(ProjectConfigurationPlatforms) = postSolution
		{500EA9E3-5AAA-4257-A965-E491054DC923}.Debug|Any CPU.ActiveCfg = Debug|Any CPU
		{500EA9E3-5AAA-4257-A965-E491054DC923}.Debug|Any CPU.Build.0 = Debug|Any CPU
		{500EA9E3-5AAA-4257-A965-E491054DC923}.Release|Any CPU.ActiveCfg = Release|Any CPU
		{500EA9E3-5AAA-4257-A965-E491054DC923}.Release|Any CPU.Build.0 = Release|Any CPU
	EndGlobalSection
	GlobalSection(SolutionProperties) = preSolution
		HideSolutionNode = FALSE
	EndGlobalSection
	GlobalSection(ExtensibilityGlobals) = postSolution
		SolutionGuid = {97D3A331-7D05-434D-88C7-A9712F654A2E}
	EndGlobalSection
EndGlobal
